
Microsoft Visual Studio Solution File, Format Version 12.00
# Visual Studio 15
VisualStudioVersion = 15.0.26730.12
MinimumVisualStudioVersion = 10.0.40219.1
Project("{FAE04EC0-301F-11D3-BF4B-00C04F79EFBC}") = "GameDevBot", "GameDevBot\GameDevBot.csproj", "{5D16132E-7AFC-495E-B5A8-C137DF9D8830}"
EndProject
Global
	GlobalSection(SolutionConfigurationPlatforms) = preSolution
		Debug|Any CPU = Debug|Any CPU
		Release|Any CPU = Release|Any CPU
	EndGlobalSection
	GlobalSection(ProjectConfigurationPlatforms) = postSolution
		{5D16132E-7AFC-495E-B5A8-C137DF9D8830}.Debug|Any CPU.ActiveCfg = Debug|Any CPU
		{5D16132E-7AFC-495E-B5A8-C137DF9D8830}.Debug|Any CPU.Build.0 = Debug|Any CPU
		{5D16132E-7AFC-495E-B5A8-C137DF9D8830}.Release|Any CPU.ActiveCfg = Release|Any CPU
		{5D16132E-7AFC-495E-B5A8-C137DF9D8830}.Release|Any CPU.Build.0 = Release|Any CPU
	EndGlobalSection
	GlobalSection(SolutionProperties) = preSolution
		HideSolutionNode = FALSE
	EndGlobalSection
	GlobalSection(ExtensibilityGlobals) = postSolution
		SolutionGuid = {5AF2CFEF-FC12-4245-9E54-9CDFF702061D}
	EndGlobalSection
EndGlobal
